// !$*UTF8*$!
{
	archiveVersion = 1;
	classes = {
	};
	objectVersion = 56;
	objects = {

/* Begin PBXBuildFile section */
		45D6864E2C60948E00F18268 /* HeadsetTalkTestApp.swift in Sources */ = {isa = PBXBuildFile; fileRef = 45D6864D2C60948E00F18268 /* HeadsetTalkTestApp.swift */; };
		45D686502C60948E00F18268 /* ContentView.swift in Sources */ = {isa = PBXBuildFile; fileRef = 45D6864F2C60948E00F18268 /* ContentView.swift */; };
		45D686522C60949500F18268 /* Assets.xcassets in Resources */ = {isa = PBXBuildFile; fileRef = 45D686512C60949500F18268 /* Assets.xcassets */; };
		45D686552C60949500F18268 /* Preview Assets.xcassets in Resources */ = {isa = PBXBuildFile; fileRef = 45D686542C60949500F18268 /* Preview Assets.xcassets */; };
		45D6865C2C60951600F18268 /* Echoback.swift in Sources */ = {isa = PBXBuildFile; fileRef = 45D6865B2C60951600F18268 /* Echoback.swift */; };
		45D6865F2C60A25000F18268 /* AVFoundation.framework in Frameworks */ = {isa = PBXBuildFile; fileRef = 45D6865E2C60A25000F18268 /* AVFoundation.framework */; };
		45DBC8B42C63140F0070F0B6 /* appbeep.wav in Resources */ = {isa = PBXBuildFile; fileRef = 45DBC8B32C63140F0070F0B6 /* appbeep.wav */; };
/* End PBXBuildFile section */

/* Begin PBXFileReference section */
		45D6864A2C60948E00F18268 /* HeadsetTalkTest.app */ = {isa = PBXFileReference; explicitFileType = wrapper.application; includeInIndex = 0; path = HeadsetTalkTest.app; sourceTree = BUILT_PRODUCTS_DIR; };
		45D6864D2C60948E00F18268 /* HeadsetTalkTestApp.swift */ = {isa = PBXFileReference; lastKnownFileType = sourcecode.swift; path = HeadsetTalkTestApp.swift; sourceTree = "<group>"; };
		45D6864F2C60948E00F18268 /* ContentView.swift */ = {isa = PBXFileReference; lastKnownFileType = sourcecode.swift; path = ContentView.swift; sourceTree = "<group>"; };
		45D686512C60949500F18268 /* Assets.xcassets */ = {isa = PBXFileReference; lastKnownFileType = folder.assetcatalog; path = Assets.xcassets; sourceTree = "<group>"; };
		45D686542C60949500F18268 /* Preview Assets.xcassets */ = {isa = PBXFileReference; lastKnownFileType = folder.assetcatalog; path = "Preview Assets.xcassets"; sourceTree = "<group>"; };
		45D6865B2C60951600F18268 /* Echoback.swift */ = {isa = PBXFileReference; lastKnownFileType = sourcecode.swift; path = Echoback.swift; sourceTree = "<group>"; };
		45D6865E2C60A25000F18268 /* AVFoundation.framework */ = {isa = PBXFileReference; lastKnownFileType = wrapper.framework; name = AVFoundation.framework; path = System/Library/Frameworks/AVFoundation.framework; sourceTree = SDKROOT; };
		45DBC8B32C63140F0070F0B6 /* appbeep.wav */ = {isa = PBXFileReference; lastKnownFileType = audio.wav; path = appbeep.wav; sourceTree = "<group>"; };
/* End PBXFileReference section */

/* Begin PBXFrameworksBuildPhase section */
		45D686472C60948E00F18268 /* Frameworks */ = {
			isa = PBXFrameworksBuildPhase;
			buildActionMask = 2147483647;
			files = (
				45D6865F2C60A25000F18268 /* AVFoundation.framework in Frameworks */,
			);
			runOnlyForDeploymentPostprocessing = 0;
		};
/* End PBXFrameworksBuildPhase section */

/* Begin PBXGroup section */
		45D686412C60948E00F18268 = {
			isa = PBXGroup;
			children = (
				45D6864C2C60948E00F18268 /* HeadsetTalkTest */,
				45D6864B2C60948E00F18268 /* Products */,
				45D6865D2C60A25000F18268 /* Frameworks */,
			);
			sourceTree = "<group>";
		};
		45D6864B2C60948E00F18268 /* Products */ = {
			isa = PBXGroup;
			children = (
				45D6864A2C60948E00F18268 /* HeadsetTalkTest.app */,
			);
			name = Products;
			sourceTree = "<group>";
		};
		45D6864C2C60948E00F18268 /* HeadsetTalkTest */ = {
			isa = PBXGroup;
			children = (
				45D6865B2C60951600F18268 /* Echoback.swift */,
				45D6864D2C60948E00F18268 /* HeadsetTalkTestApp.swift */,
				45D6864F2C60948E00F18268 /* ContentView.swift */,
				45D686512C60949500F18268 /* Assets.xcassets */,
				45DBC8B32C63140F0070F0B6 /* appbeep.wav */,
				45D686532C60949500F18268 /* Preview Content */,
			);
			path = HeadsetTalkTest;
			sourceTree = "<group>";
		};
		45D686532C60949500F18268 /* Preview Content */ = {
			isa = PBXGroup;
			children = (
				45D686542C60949500F18268 /* Preview Assets.xcassets */,
			);
			path = "Preview Content";
			sourceTree = "<group>";
		};
		45D6865D2C60A25000F18268 /* Frameworks */ = {
			isa = PBXGroup;
			children = (
				45D6865E2C60A25000F18268 /* AVFoundation.framework */,
			);
			name = Frameworks;
			sourceTree = "<group>";
		};
/* End PBXGroup section */

/* Begin PBXNativeTarget section */
		45D686492C60948E00F18268 /* HeadsetTalkTest */ = {
			isa = PBXNativeTarget;
			buildConfigurationList = 45D686582C60949500F18268 /* Build configuration list for PBXNativeTarget "HeadsetTalkTest" */;
			buildPhases = (
				45D686462C60948E00F18268 /* Sources */,
				45D686472C60948E00F18268 /* Frameworks */,
				45D686482C60948E00F18268 /* Resources */,
			);
			buildRules = (
			);
			dependencies = (
			);
			name = HeadsetTalkTest;
			productName = HeadsetTalkTest;
			productReference = 45D6864A2C60948E00F18268 /* HeadsetTalkTest.app */;
			productType = "com.apple.product-type.application";
		};
/* End PBXNativeTarget section */

/* Begin PBXProject section */
		45D686422C60948E00F18268 /* Project object */ = {
			isa = PBXProject;
			attributes = {
				BuildIndependentTargetsInParallel = 1;
				LastSwiftUpdateCheck = 1530;
				LastUpgradeCheck = 1530;
				TargetAttributes = {
					45D686492C60948E00F18268 = {
						CreatedOnToolsVersion = 15.3;
					};
				};
			};
			buildConfigurationList = 45D686452C60948E00F18268 /* Build configuration list for PBXProject "HeadsetTalkTest" */;
			compatibilityVersion = "Xcode 14.0";
			developmentRegion = en;
			hasScannedForEncodings = 0;
			knownRegions = (
				en,
				Base,
			);
			mainGroup = 45D686412C60948E00F18268;
			productRefGroup = 45D6864B2C60948E00F18268 /* Products */;
			projectDirPath = "";
			projectRoot = "";
			targets = (
				45D686492C60948E00F18268 /* HeadsetTalkTest */,
			);
		};
/* End PBXProject section */

/* Begin PBXResourcesBuildPhase section */
		45D686482C60948E00F18268 /* Resources */ = {
			isa = PBXResourcesBuildPhase;
			buildActionMask = 2147483647;
			files = (
				45D686552C60949500F18268 /* Preview Assets.xcassets in Resources */,
				45D686522C60949500F18268 /* Assets.xcassets in Resources */,
				45DBC8B42C63140F0070F0B6 /* appbeep.wav in Resources */,
			);
			runOnlyForDeploymentPostprocessing = 0;
		};
/* End PBXResourcesBuildPhase section */

/* Begin PBXSourcesBuildPhase section */
		45D686462C60948E00F18268 /* Sources */ = {
			isa = PBXSourcesBuildPhase;
			buildActionMask = 2147483647;
			files = (
				45D686502C60948E00F18268 /* ContentView.swift in Sources */,
				45D6865C2C60951600F18268 /* Echoback.swift in Sources */,
				45D6864E2C60948E00F18268 /* HeadsetTalkTestApp.swift in Sources */,
			);
			runOnlyForDeploymentPostprocessing = 0;
		};
/* End PBXSourcesBuildPhase section */

/* Begin XCBuildConfiguration section */
		45D686562C60949500F18268 /* Debug */ = {
			isa = XCBuildConfiguration;
			buildSettings = {
				ALWAYS_SEARCH_USER_PATHS = NO;
				ASSETCATALOG_COMPILER_GENERATE_SWIFT_ASSET_SYMBOL_EXTENSIONS = YES;
				CLANG_ANALYZER_NONNULL = YES;
				CLANG_ANALYZER_NUMBER_OBJECT_CONVERSION = YES_AGGRESSIVE;
				CLANG_CXX_LANGUAGE_STANDARD = "gnu++20";
				CLANG_ENABLE_MODULES = YES;
				CLANG_ENABLE_OBJC_ARC = YES;
				CLANG_ENABLE_OBJC_WEAK = YES;
				CLANG_WARN_BLOCK_CAPTURE_AUTORELEASING = YES;
				CLANG_WARN_BOOL_CONVERSION = YES;
				CLANG_WARN_COMMA = YES;
				CLANG_WARN_CONSTANT_CONVERSION = YES;
				CLANG_WARN_DEPRECATED_OBJC_IMPLEMENTATIONS = YES;
				CLANG_WARN_DIRECT_OBJC_ISA_USAGE = YES_ERROR;
				CLANG_WARN_DOCUMENTATION_COMMENTS = YES;
				CLANG_WARN_EMPTY_BODY = YES;
				CLANG_WARN_ENUM_CONVERSION = YES;
				CLANG_WARN_INFINITE_RECURSION = YES;
				CLANG_WARN_INT_CONVERSION = YES;
				CLANG_WARN_NON_LITERAL_NULL_CONVERSION = YES;
				CLANG_WARN_OBJC_IMPLICIT_RETAIN_SELF = YES;
				CLANG_WARN_OBJC_LITERAL_CONVERSION = YES;
				CLANG_WARN_OBJC_ROOT_CLASS = YES_ERROR;
				CLANG_WARN_QUOTED_INCLUDE_IN_FRAMEWORK_HEADER = YES;
				CLANG_WARN_RANGE_LOOP_ANALYSIS = YES;
				CLANG_WARN_STRICT_PROTOTYPES = YES;
				CLANG_WARN_SUSPICIOUS_MOVE = YES;
				CLANG_WARN_UNGUARDED_AVAILABILITY = YES_AGGRESSIVE;
				CLANG_WARN_UNREACHABLE_CODE = YES;
				CLANG_WARN__DUPLICATE_METHOD_MATCH = YES;
				COPY_PHASE_STRIP = NO;
				DEBUG_INFORMATION_FORMAT = dwarf;
				ENABLE_STRICT_OBJC_MSGSEND = YES;
				ENABLE_TESTABILITY = YES;
				ENABLE_USER_SCRIPT_SANDBOXING = YES;
				GCC_C_LANGUAGE_STANDARD = gnu17;
				GCC_DYNAMIC_NO_PIC = NO;
				GCC_NO_COMMON_BLOCKS = YES;
				GCC_OPTIMIZATION_LEVEL = 0;
				GCC_PREPROCESSOR_DEFINITIONS = (
					"DEBUG=1",
					"$(inherited)",
				);
				GCC_WARN_64_TO_32_BIT_CONVERSION = YES;
				GCC_WARN_ABOUT_RETURN_TYPE = YES_ERROR;
				GCC_WARN_UNDECLARED_SELECTOR = YES;
				GCC_WARN_UNINITIALIZED_AUTOS = YES_AGGRESSIVE;
				GCC_WARN_UNUSED_FUNCTION = YES;
				GCC_WARN_UNUSED_VARIABLE = YES;
				IPHONEOS_DEPLOYMENT_TARGET = 17.4;
				LOCALIZATION_PREFERS_STRING_CATALOGS = YES;
				MTL_ENABLE_DEBUG_INFO = INCLUDE_SOURCE;
				MTL_FAST_MATH = YES;
				ONLY_ACTIVE_ARCH = YES;
				SDKROOT = iphoneos;
				SWIFT_ACTIVE_COMPILATION_CONDITIONS = "DEBUG $(inherited)";
				SWIFT_OPTIMIZATION_LEVEL = "-Onone";
			};
			name = Debug;
		};
		45D686572C60949500F18268 /* Release */ = {
			isa = XCBuildConfiguration;
			buildSettings = {
				ALWAYS_SEARCH_USER_PATHS = NO;
				ASSETCATALOG_COMPILER_GENERATE_SWIFT_ASSET_SYMBOL_EXTENSIONS = YES;
				CLANG_ANALYZER_NONNULL = YES;
				CLANG_ANALYZER_NUMBER_OBJECT_CONVERSION = YES_AGGRESSIVE;
				CLANG_CXX_LANGUAGE_STANDARD = "gnu++20";
				CLANG_ENABLE_MODULES = YES;
				CLANG_ENABLE_OBJC_ARC = YES;
				CLANG_ENABLE_OBJC_WEAK = YES;
				CLANG_WARN_BLOCK_CAPTURE_AUTORELEASING = YES;
				CLANG_WARN_BOOL_CONVERSION = YES;
				CLANG_WARN_COMMA = YES;
				CLANG_WARN_CONSTANT_CONVERSION = YES;
				CLANG_WARN_DEPRECATED_OBJC_IMPLEMENTATIONS = YES;
				CLANG_WARN_DIRECT_OBJC_ISA_USAGE = YES_ERROR;
				CLANG_WARN_DOCUMENTATION_COMMENTS = YES;
				CLANG_WARN_EMPTY_BODY = YES;
				CLANG_WARN_ENUM_CONVERSION = YES;
				CLANG_WARN_INFINITE_RECURSION = YES;
				CLANG_WARN_INT_CONVERSION = YES;
				CLANG_WARN_NON_LITERAL_NULL_CONVERSION = YES;
				CLANG_WARN_OBJC_IMPLICIT_RETAIN_SELF = YES;
				CLANG_WARN_OBJC_LITERAL_CONVERSION = YES;
				CLANG_WARN_OBJC_ROOT_CLASS = YES_ERROR;
				CLANG_WARN_QUOTED_INCLUDE_IN_FRAMEWORK_HEADER = YES;
				CLANG_WARN_RANGE_LOOP_ANALYSIS = YES;
				CLANG_WARN_STRICT_PROTOTYPES = YES;
				CLANG_WARN_SUSPICIOUS_MOVE = YES;
				CLANG_WARN_UNGUARDED_AVAILABILITY = YES_AGGRESSIVE;
				CLANG_WARN_UNREACHABLE_CODE = YES;
				CLANG_WARN__DUPLICATE_METHOD_MATCH = YES;
				COPY_PHASE_STRIP = NO;
				DEBUG_INFORMATION_FORMAT = "dwarf-with-dsym";
				ENABLE_NS_ASSERTIONS = NO;
				ENABLE_STRICT_OBJC_MSGSEND = YES;
				ENABLE_USER_SCRIPT_SANDBOXING = YES;
				GCC_C_LANGUAGE_STANDARD = gnu17;
				GCC_NO_COMMON_BLOCKS = YES;
				GCC_WARN_64_TO_32_BIT_CONVERSION = YES;
				GCC_WARN_ABOUT_RETURN_TYPE = YES_ERROR;
				GCC_WARN_UNDECLARED_SELECTOR = YES;
				GCC_WARN_UNINITIALIZED_AUTOS = YES_AGGRESSIVE;
				GCC_WARN_UNUSED_FUNCTION = YES;
				GCC_WARN_UNUSED_VARIABLE = YES;
				IPHONEOS_DEPLOYMENT_TARGET = 17.4;
				LOCALIZATION_PREFERS_STRING_CATALOGS = YES;
				MTL_ENABLE_DEBUG_INFO = NO;
				MTL_FAST_MATH = YES;
				SDKROOT = iphoneos;
				SWIFT_COMPILATION_MODE = wholemodule;
				VALIDATE_PRODUCT = YES;
			};
			name = Release;
		};
		45D686592C60949500F18268 /* Debug */ = {
			isa = XCBuildConfiguration;
			buildSettings = {
				ASSETCATALOG_COMPILER_APPICON_NAME = AppIcon;
				ASSETCATALOG_COMPILER_GLOBAL_ACCENT_COLOR_NAME = AccentColor;
				CODE_SIGN_STYLE = Automatic;
				CURRENT_PROJECT_VERSION = 1;
				DEVELOPMENT_ASSET_PATHS = "\"HeadsetTalkTest/Preview Content\"";
				DEVELOPMENT_TEAM = 4UP87AK96T;
				ENABLE_PREVIEWS = YES;
				GENERATE_INFOPLIST_FILE = YES;
				INFOPLIST_FILE = HeadsetTalkTest/Info.plist;
				INFOPLIST_KEY_NSMicrophoneUsageDescription = "This app uses the microphone.";
				INFOPLIST_KEY_UIApplicationSceneManifest_Generation = YES;
				INFOPLIST_KEY_UIApplicationSupportsIndirectInputEvents = YES;
				INFOPLIST_KEY_UILaunchScreen_Generation = YES;
				INFOPLIST_KEY_UISupportedInterfaceOrientations_iPad = "UIInterfaceOrientationPortrait UIInterfaceOrientationPortraitUpsideDown UIInterfaceOrientationLandscapeLeft UIInterfaceOrientationLandscapeRight";
				INFOPLIST_KEY_UISupportedInterfaceOrientations_iPhone = "UIInterfaceOrientationPortrait UIInterfaceOrientationLandscapeLeft UIInterfaceOrientationLandscapeRight";
				LD_RUNPATH_SEARCH_PATHS = (
					"$(inherited)",
					"@executable_path/Frameworks",
				);
				MARKETING_VERSION = 1.0;
				PRODUCT_BUNDLE_IDENTIFIER = jp.co.nsys.HeadsetTalkTest;
				PRODUCT_NAME = "$(TARGET_NAME)";
				SWIFT_EMIT_LOC_STRINGS = YES;
				SWIFT_VERSION = 5.0;
				TARGETED_DEVICE_FAMILY = "1,2";
			};
			name = Debug;
		};
		45D6865A2C60949500F18268 /* Release */ = {
			isa = XCBuildConfiguration;
			buildSettings = {
				ASSETCATALOG_COMPILER_APPICON_NAME = AppIcon;
				ASSETCATALOG_COMPILER_GLOBAL_ACCENT_COLOR_NAME = AccentColor;
				CODE_SIGN_STYLE = Automatic;
				CURRENT_PROJECT_VERSION = 1;
				DEVELOPMENT_ASSET_PATHS = "\"HeadsetTalkTest/Preview Content\"";
				DEVELOPMENT_TEAM = 4UP87AK96T;
				ENABLE_PREVIEWS = YES;
				GENERATE_INFOPLIST_FILE = YES;
				INFOPLIST_FILE = HeadsetTalkTest/Info.plist;
				INFOPLIST_KEY_NSMicrophoneUsageDescription = "This app uses the microphone.";
				INFOPLIST_KEY_UIApplicationSceneManifest_Generation = YES;
				INFOPLIST_KEY_UIApplicationSupportsIndirectInputEvents = YES;
				INFOPLIST_KEY_UILaunchScreen_Generation = YES;
				INFOPLIST_KEY_UISupportedInterfaceOrientations_iPad = "UIInterfaceOrientationPortrait UIInterfaceOrientationPortraitUpsideDown UIInterfaceOrientationLandscapeLeft UIInterfaceOrientationLandscapeRight";
				INFOPLIST_KEY_UISupportedInterfaceOrientations_iPhone = "UIInterfaceOrientationPortrait UIInterfaceOrientationLandscapeLeft UIInterfaceOrientationLandscapeRight";
				LD_RUNPATH_SEARCH_PATHS = (
					"$(inherited)",
					"@executable_path/Frameworks",
				);
				MARKETING_VERSION = 1.0;
				PRODUCT_BUNDLE_IDENTIFIER = jp.co.nsys.HeadsetTalkTest;
				PRODUCT_NAME = "$(TARGET_NAME)";
				SWIFT_EMIT_LOC_STRINGS = YES;
				SWIFT_VERSION = 5.0;
				TARGETED_DEVICE_FAMILY = "1,2";
			};
			name = Release;
		};
/* End XCBuildConfiguration section */

/* Begin XCConfigurationList section */
		45D686452C60948E00F18268 /* Build configuration list for PBXProject "HeadsetTalkTest" */ = {
			isa = XCConfigurationList;
			buildConfigurations = (
				45D686562C60949500F18268 /* Debug */,
				45D686572C60949500F18268 /* Release */,
			);
			defaultConfigurationIsVisible = 0;
			defaultConfigurationName = Release;
		};
		45D686582C60949500F18268 /* Build configuration list for PBXNativeTarget "HeadsetTalkTest" */ = {
			isa = XCConfigurationList;
			buildConfigurations = (
				45D686592C60949500F18268 /* Debug */,
				45D6865A2C60949500F18268 /* Release */,
			);
			defaultConfigurationIsVisible = 0;
			defaultConfigurationName = Release;
		};
/* End XCConfigurationList section */
	};
	rootObject = 45D686422C60948E00F18268 /* Project object */;
}
